%{"amnesia": {:git, "git://github.com/meh/amnesia.git", "07a30a73ce71e03e56daa7a2855161d81ba20c48", [tag: :master]},
  "continuum": {:git, "git://github.com/meh/continuum.git", "4125f9d428971568f16da78cec24fddce18d6eca", []},
  "cowboy": {:hex, :cowboy, "1.0.0"},
  "cowlib": {:hex, :cowlib, "1.0.0"},
  "dbg": {:git, "git://github.com/fishcakez/dbg.git", "5abaf737c2f4146592b33fc04ed948b4c21d84cc", []},
  "decimal": {:hex, :decimal, "0.2.5"},
  "exquisite": {:hex, :exquisite, "0.1.4"},
  "gen_smtp": {:git, "git://github.com/Vagabond/gen_smtp.git", "8f7ba01172e679e8b4262334cefc3451b4c36777", []},
  "geo": {:hex, :geo, "0.8.0"},
  "jazz": {:hex, :jazz, "0.2.1"},
  "linguist": {:hex, :linguist, "0.1.3"},
  "phoenix": {:hex, :phoenix, "0.5.0"},
  "plug": {:hex, :plug, "0.8.2"},
  "poison": {:hex, :poison, "1.2.0"},
  "postgrex": {:hex, :postgrex, "0.6.0"},
  "ranch": {:hex, :ranch, "1.0.0"},
  "timex": {:hex, :timex, "0.13.1"},
  "uuid": {:hex, :uuid, "0.1.5"}}
